
Microsoft Visual Studio Solution File, Format Version 12.00
# Visual Studio Version 17
VisualStudioVersion = 17.8.34511.84
MinimumVisualStudioVersion = 10.0.40219.1
Project("{9A19103F-16F7-4668-BE54-9A1E7A4F7556}") = "SolCalc", "SolCalc\SolCalc.csproj", "{16F89C8F-AD0C-422B-AE33-AD8B7BF66B97}"
EndProject
Project("{9A19103F-16F7-4668-BE54-9A1E7A4F7556}") = "Tests", "Tests\Tests.csproj", "{F7B5391E-466A-4967-858D-25CB37C73CF3}"
EndProject
Project("{FAE04EC0-301F-11D3-BF4B-00C04F79EFBC}") = "Performance", "Performance\Performance.csproj", "{42D82017-42E1-4BE5-82B2-25BC7673C653}"
EndProject
Global
	GlobalSection(SolutionConfigurationPlatforms) = preSolution
		Debug|Any CPU = Debug|Any CPU
		Release|Any CPU = Release|Any CPU
	EndGlobalSection
	GlobalSection(ProjectConfigurationPlatforms) = postSolution
		{16F89C8F-AD0C-422B-AE33-AD8B7BF66B97}.Debug|Any CPU.ActiveCfg = Debug|Any CPU
		{16F89C8F-AD0C-422B-AE33-AD8B7BF66B97}.Debug|Any CPU.Build.0 = Debug|Any CPU
		{16F89C8F-AD0C-422B-AE33-AD8B7BF66B97}.Release|Any CPU.ActiveCfg = Release|Any CPU
		{16F89C8F-AD0C-422B-AE33-AD8B7BF66B97}.Release|Any CPU.Build.0 = Release|Any CPU
		{F7B5391E-466A-4967-858D-25CB37C73CF3}.Debug|Any CPU.ActiveCfg = Debug|Any CPU
		{F7B5391E-466A-4967-858D-25CB37C73CF3}.Debug|Any CPU.Build.0 = Debug|Any CPU
		{F7B5391E-466A-4967-858D-25CB37C73CF3}.Release|Any CPU.ActiveCfg = Release|Any CPU
		{F7B5391E-466A-4967-858D-25CB37C73CF3}.Release|Any CPU.Build.0 = Release|Any CPU
		{42D82017-42E1-4BE5-82B2-25BC7673C653}.Debug|Any CPU.ActiveCfg = Debug|Any CPU
		{42D82017-42E1-4BE5-82B2-25BC7673C653}.Debug|Any CPU.Build.0 = Debug|Any CPU
		{42D82017-42E1-4BE5-82B2-25BC7673C653}.Release|Any CPU.ActiveCfg = Release|Any CPU
		{42D82017-42E1-4BE5-82B2-25BC7673C653}.Release|Any CPU.Build.0 = Release|Any CPU
	EndGlobalSection
	GlobalSection(SolutionProperties) = preSolution
		HideSolutionNode = FALSE
	EndGlobalSection
	GlobalSection(ExtensibilityGlobals) = postSolution
		SolutionGuid = {EC3B66DF-A1F2-4120-B53B-C0B64EC176C5}
	EndGlobalSection
EndGlobal
